
Microsoft Visual Studio Solution File, Format Version 12.00
# Visual Studio Version 16
VisualStudioVersion = 16.0.29215.179
MinimumVisualStudioVersion = 10.0.40219.1
Project("{FAE04EC0-301F-11D3-BF4B-00C04F79EFBC}") = "carfy", "carfy.csproj", "{6C3E6566-DDCC-4886-9CCB-F86E87E58393}"
EndProject
Global
	GlobalSection(SolutionConfigurationPlatforms) = preSolution
		Debug|Any CPU = Debug|Any CPU
		Release|Any CPU = Release|Any CPU
	EndGlobalSection
	GlobalSection(ProjectConfigurationPlatforms) = postSolution
		{6C3E6566-DDCC-4886-9CCB-F86E87E58393}.Debug|Any CPU.ActiveCfg = Debug|Any CPU
		{6C3E6566-DDCC-4886-9CCB-F86E87E58393}.Debug|Any CPU.Build.0 = Debug|Any CPU
		{6C3E6566-DDCC-4886-9CCB-F86E87E58393}.Release|Any CPU.ActiveCfg = Release|Any CPU
		{6C3E6566-DDCC-4886-9CCB-F86E87E58393}.Release|Any CPU.Build.0 = Release|Any CPU
	EndGlobalSection
	GlobalSection(SolutionProperties) = preSolution
		HideSolutionNode = FALSE
	EndGlobalSection
	GlobalSection(ExtensibilityGlobals) = postSolution
		SolutionGuid = {2646A6B5-26BF-4877-BCFC-98E759CE8BD7}
	EndGlobalSection
EndGlobal
